<?xml version="1.0" encoding="utf-8"?>
<Project ToolsVersion="17.0" xmlns="http://schemas.microsoft.com/developer/msbuild/2003">
  <ItemGroup>
    <CustomBuild Include="C:\Users\Hamdan\Desktop\oldPc\C++\CMakeFiles\dd69fe973f8143808e82940e264ebf4b\generate.stamp.rule">
      <Filter>CMake Rules</Filter>
    </CustomBuild>
  </ItemGroup>
  <ItemGroup>
    <Filter Include="CMake Rules">
      <UniqueIdentifier>{FBEF6850-D136-31A8-9619-901C80989936}</UniqueIdentifier>
    </Filter>
  </ItemGroup>
</Project>
